{
  "name": "my-project",
  "version": "1.0.0",
  "lockfileVersion": 1,
  "requires": true,
  "dependencies": {
    "express": {
      "version": "3.12.1",
      "resolved": "https://registry.npmjs.org/express/-/express-3.12.1.tgz",
      "integrity": "sha1-midAqTnLHGCWs2jCWLjjkiGu14w=",
      "dev": true,
      "requires": {
        "buffer-crc32": "0.2.5",
        "commander": "2.2.0",
        "cookie": "0.1.2",
        "cookie-signature": "1.0.3",
        "debug": "0.8.1",
        "fresh": "0.2.2",
        "methods": "0.1.0",
        "mkdirp": "0.5.0",
        "range-parser": "0.0.4",
        "send": "0.3.0",
        "uid2": "0.0.2",
        "utils-merge": "1.0.0",
        "vary": "0.1.0"
      }
    },
    "lodash": {
      "version": "3.7.21",
      "resolved": "https://registry.npmjs.org/lodash/-/lodash-3.7.21.tgz",
      "integrity": "sha1-cXC76qH+kqxa9eT/+qMWo/eUkRY=",
      "dev": true
    }
  }
}

